
Microsoft Visual Studio Solution File, Format Version 12.00
# Visual Studio Version 17
VisualStudioVersion = 17.14.36518.9
MinimumVisualStudioVersion = 10.0.40219.1
Project("{FAE04EC0-301F-11D3-BF4B-00C04F79EFBC}") = "PurseAccounting.Mobile.Presentation", "PurseAccounting.Mobile.Presentation\PurseAccounting.Mobile.Presentation.csproj", "{593606AD-0FA6-515C-DD55-1077250DA766}"
EndProject
Project("{2150E333-8FDC-42A3-9474-1A3956D46DE8}") = "Presentation", "Presentation", "{36D591C7-65C7-A0D1-1CBC-10CDE441BDC8}"
EndProject
Project("{2150E333-8FDC-42A3-9474-1A3956D46DE8}") = "Application", "Application", "{D36F6EAC-AD89-4612-BD31-7BCE1A027BA2}"
EndProject
Project("{2150E333-8FDC-42A3-9474-1A3956D46DE8}") = "Infrastructure", "Infrastructure", "{D8E0AAC3-37E5-4913-BBB1-1E6072B1811C}"
EndProject
Project("{2150E333-8FDC-42A3-9474-1A3956D46DE8}") = "Элементы решения", "Элементы решения", "{754FC069-D67B-A9D7-50A1-8D1CA196D8F1}"
	ProjectSection(SolutionItems) = preProject
		.editorconfig = .editorconfig
		.gitattributes = .gitattributes
		.gitignore = .gitignore
		Directory.Build.props = Directory.Build.props
		README.md = README.md
		stylecop.json = stylecop.json
	EndProjectSection
EndProject
Project("{FAE04EC0-301F-11D3-BF4B-00C04F79EFBC}") = "PurseAccounting.Mobile.Application", "..\PurseAccounting.Mobile.Application\PurseAccounting.Mobile.Application.csproj", "{F937598B-C654-4DBF-8B4C-A53DBBE7D7D1}"
EndProject
Project("{FAE04EC0-301F-11D3-BF4B-00C04F79EFBC}") = "PurseAccounting.Mobile.Infrastructure", "..\PurseAccounting.Mobile.Infrastructure\PurseAccounting.Mobile.Infrastructure.csproj", "{2DD92EB8-F92B-4B82-A131-5CDBF5DAFE1C}"
EndProject
Global
	GlobalSection(SolutionConfigurationPlatforms) = preSolution
		Debug|Any CPU = Debug|Any CPU
		Release|Any CPU = Release|Any CPU
	EndGlobalSection
	GlobalSection(ProjectConfigurationPlatforms) = postSolution
		{593606AD-0FA6-515C-DD55-1077250DA766}.Debug|Any CPU.ActiveCfg = Debug|Any CPU
		{593606AD-0FA6-515C-DD55-1077250DA766}.Debug|Any CPU.Build.0 = Debug|Any CPU
		{593606AD-0FA6-515C-DD55-1077250DA766}.Debug|Any CPU.Deploy.0 = Debug|Any CPU
		{593606AD-0FA6-515C-DD55-1077250DA766}.Release|Any CPU.ActiveCfg = Release|Any CPU
		{593606AD-0FA6-515C-DD55-1077250DA766}.Release|Any CPU.Build.0 = Release|Any CPU
		{F937598B-C654-4DBF-8B4C-A53DBBE7D7D1}.Debug|Any CPU.ActiveCfg = Debug|Any CPU
		{F937598B-C654-4DBF-8B4C-A53DBBE7D7D1}.Debug|Any CPU.Build.0 = Debug|Any CPU
		{F937598B-C654-4DBF-8B4C-A53DBBE7D7D1}.Release|Any CPU.ActiveCfg = Release|Any CPU
		{F937598B-C654-4DBF-8B4C-A53DBBE7D7D1}.Release|Any CPU.Build.0 = Release|Any CPU
		{2DD92EB8-F92B-4B82-A131-5CDBF5DAFE1C}.Debug|Any CPU.ActiveCfg = Debug|Any CPU
		{2DD92EB8-F92B-4B82-A131-5CDBF5DAFE1C}.Debug|Any CPU.Build.0 = Debug|Any CPU
		{2DD92EB8-F92B-4B82-A131-5CDBF5DAFE1C}.Release|Any CPU.ActiveCfg = Release|Any CPU
		{2DD92EB8-F92B-4B82-A131-5CDBF5DAFE1C}.Release|Any CPU.Build.0 = Release|Any CPU
	EndGlobalSection
	GlobalSection(SolutionProperties) = preSolution
		HideSolutionNode = FALSE
	EndGlobalSection
	GlobalSection(NestedProjects) = preSolution
		{593606AD-0FA6-515C-DD55-1077250DA766} = {36D591C7-65C7-A0D1-1CBC-10CDE441BDC8}
		{F937598B-C654-4DBF-8B4C-A53DBBE7D7D1} = {D36F6EAC-AD89-4612-BD31-7BCE1A027BA2}
		{2DD92EB8-F92B-4B82-A131-5CDBF5DAFE1C} = {D8E0AAC3-37E5-4913-BBB1-1E6072B1811C}
	EndGlobalSection
	GlobalSection(ExtensibilityGlobals) = postSolution
		SolutionGuid = {42B0BCE4-9818-49E6-8240-EA42860C704D}
	EndGlobalSection
EndGlobal
